// !$*UTF8*$!
{
	archiveVersion = 1;
	classes = {
	};
	objectVersion = 50;
	objects = {

/* Begin PBXBuildFile section */
		120A53CD255BE93A007C113F /* AppDelegate.swift in Sources */ = {isa = PBXBuildFile; fileRef = 120A53CC255BE93A007C113F /* AppDelegate.swift */; };
		120A53CF255BE93A007C113F /* SceneDelegate.swift in Sources */ = {isa = PBXBuildFile; fileRef = 120A53CE255BE93A007C113F /* SceneDelegate.swift */; };
		120A53D6255BE93B007C113F /* Assets.xcassets in Resources */ = {isa = PBXBuildFile; fileRef = 120A53D5255BE93B007C113F /* Assets.xcassets */; };
		120A53D9255BE93B007C113F /* LaunchScreen.storyboard in Resources */ = {isa = PBXBuildFile; fileRef = 120A53D7255BE93B007C113F /* LaunchScreen.storyboard */; };
		120A541B255BF486007C113F /* SearchController.swift in Sources */ = {isa = PBXBuildFile; fileRef = 120A541A255BF486007C113F /* SearchController.swift */; };
		120A5420255BF657007C113F /* APITests.swift in Sources */ = {isa = PBXBuildFile; fileRef = 120A541F255BF657007C113F /* APITests.swift */; };
		120A5429255BF81C007C113F /* Model.swift in Sources */ = {isa = PBXBuildFile; fileRef = 120A5428255BF81C007C113F /* Model.swift */; };
		127CFC01256527AB0083201D /* URLSessionSpy.swift in Sources */ = {isa = PBXBuildFile; fileRef = 127CFC00256527AB0083201D /* URLSessionSpy.swift */; };
		12BECF42255EAE0F00CE7B3A /* API.swift in Sources */ = {isa = PBXBuildFile; fileRef = 12BECF41255EAE0F00CE7B3A /* API.swift */; };
		12E6B8ED2566F6E30017BF6F /* SearchControllerTest.swift in Sources */ = {isa = PBXBuildFile; fileRef = 12E6B8EC2566F6E30017BF6F /* SearchControllerTest.swift */; };
		12E6B8F72567B10C0017BF6F /* APISpy.swift in Sources */ = {isa = PBXBuildFile; fileRef = 12E6B8F62567B10C0017BF6F /* APISpy.swift */; };
		D8ADCB5E38D417EB06356898 /* Pods_RxGithubSearch.framework in Frameworks */ = {isa = PBXBuildFile; fileRef = FEA10AAA230436715A99AE28 /* Pods_RxGithubSearch.framework */; };
/* End PBXBuildFile section */

/* Begin PBXContainerItemProxy section */
		120A53E0255BE93B007C113F /* PBXContainerItemProxy */ = {
			isa = PBXContainerItemProxy;
			containerPortal = 120A53C1255BE93A007C113F /* Project object */;
			proxyType = 1;
			remoteGlobalIDString = 120A53C8255BE93A007C113F;
			remoteInfo = RxGithubSearch;
		};
/* End PBXContainerItemProxy section */

/* Begin PBXFileReference section */
		120A53C9255BE93A007C113F /* RxGithubSearch.app */ = {isa = PBXFileReference; explicitFileType = wrapper.application; includeInIndex = 0; path = RxGithubSearch.app; sourceTree = BUILT_PRODUCTS_DIR; };
		120A53CC255BE93A007C113F /* AppDelegate.swift */ = {isa = PBXFileReference; lastKnownFileType = sourcecode.swift; path = AppDelegate.swift; sourceTree = "<group>"; };
		120A53CE255BE93A007C113F /* SceneDelegate.swift */ = {isa = PBXFileReference; lastKnownFileType = sourcecode.swift; path = SceneDelegate.swift; sourceTree = "<group>"; };
		120A53D5255BE93B007C113F /* Assets.xcassets */ = {isa = PBXFileReference; lastKnownFileType = folder.assetcatalog; path = Assets.xcassets; sourceTree = "<group>"; };
		120A53D8255BE93B007C113F /* Base */ = {isa = PBXFileReference; lastKnownFileType = file.storyboard; name = Base; path = Base.lproj/LaunchScreen.storyboard; sourceTree = "<group>"; };
		120A53DA255BE93B007C113F /* Info.plist */ = {isa = PBXFileReference; lastKnownFileType = text.plist.xml; path = Info.plist; sourceTree = "<group>"; };
		120A53DF255BE93B007C113F /* RxGithubSearchTests.xctest */ = {isa = PBXFileReference; explicitFileType = wrapper.cfbundle; includeInIndex = 0; path = RxGithubSearchTests.xctest; sourceTree = BUILT_PRODUCTS_DIR; };
		120A53E5255BE93B007C113F /* Info.plist */ = {isa = PBXFileReference; lastKnownFileType = text.plist.xml; path = Info.plist; sourceTree = "<group>"; };
		120A541A255BF486007C113F /* SearchController.swift */ = {isa = PBXFileReference; lastKnownFileType = sourcecode.swift; path = SearchController.swift; sourceTree = "<group>"; };
		120A541F255BF657007C113F /* APITests.swift */ = {isa = PBXFileReference; lastKnownFileType = sourcecode.swift; path = APITests.swift; sourceTree = "<group>"; };
		120A5428255BF81C007C113F /* Model.swift */ = {isa = PBXFileReference; lastKnownFileType = sourcecode.swift; path = Model.swift; sourceTree = "<group>"; };
		127CFC00256527AB0083201D /* URLSessionSpy.swift */ = {isa = PBXFileReference; lastKnownFileType = sourcecode.swift; path = URLSessionSpy.swift; sourceTree = "<group>"; };
		12BECF41255EAE0F00CE7B3A /* API.swift */ = {isa = PBXFileReference; lastKnownFileType = sourcecode.swift; path = API.swift; sourceTree = "<group>"; };
		12E6B8EC2566F6E30017BF6F /* SearchControllerTest.swift */ = {isa = PBXFileReference; lastKnownFileType = sourcecode.swift; path = SearchControllerTest.swift; sourceTree = "<group>"; };
		12E6B8F62567B10C0017BF6F /* APISpy.swift */ = {isa = PBXFileReference; lastKnownFileType = sourcecode.swift; path = APISpy.swift; sourceTree = "<group>"; };
		9A7F75835EE8B929C1A073A5 /* Pods-RxGithubSearch.release.xcconfig */ = {isa = PBXFileReference; includeInIndex = 1; lastKnownFileType = text.xcconfig; name = "Pods-RxGithubSearch.release.xcconfig"; path = "Target Support Files/Pods-RxGithubSearch/Pods-RxGithubSearch.release.xcconfig"; sourceTree = "<group>"; };
		FC56D4B141AA8FE55BE4E7FE /* Pods-RxGithubSearch.debug.xcconfig */ = {isa = PBXFileReference; includeInIndex = 1; lastKnownFileType = text.xcconfig; name = "Pods-RxGithubSearch.debug.xcconfig"; path = "Target Support Files/Pods-RxGithubSearch/Pods-RxGithubSearch.debug.xcconfig"; sourceTree = "<group>"; };
		FEA10AAA230436715A99AE28 /* Pods_RxGithubSearch.framework */ = {isa = PBXFileReference; explicitFileType = wrapper.framework; includeInIndex = 0; path = Pods_RxGithubSearch.framework; sourceTree = BUILT_PRODUCTS_DIR; };
/* End PBXFileReference section */

/* Begin PBXFrameworksBuildPhase section */
		120A53C6255BE93A007C113F /* Frameworks */ = {
			isa = PBXFrameworksBuildPhase;
			buildActionMask = 2147483647;
			files = (
				D8ADCB5E38D417EB06356898 /* Pods_RxGithubSearch.framework in Frameworks */,
			);
			runOnlyForDeploymentPostprocessing = 0;
		};
		120A53DC255BE93B007C113F /* Frameworks */ = {
			isa = PBXFrameworksBuildPhase;
			buildActionMask = 2147483647;
			files = (
			);
			runOnlyForDeploymentPostprocessing = 0;
		};
/* End PBXFrameworksBuildPhase section */

/* Begin PBXGroup section */
		120A53C0255BE93A007C113F = {
			isa = PBXGroup;
			children = (
				120A53CB255BE93A007C113F /* RxGithubSearch */,
				120A53E2255BE93B007C113F /* RxGithubSearchTests */,
				120A53CA255BE93A007C113F /* Products */,
				2B7CAF39E231C1ADAD2A97E7 /* Pods */,
				27E1445B6A2BB456FBBC5863 /* Frameworks */,
			);
			sourceTree = "<group>";
		};
		120A53CA255BE93A007C113F /* Products */ = {
			isa = PBXGroup;
			children = (
				120A53C9255BE93A007C113F /* RxGithubSearch.app */,
				120A53DF255BE93B007C113F /* RxGithubSearchTests.xctest */,
			);
			name = Products;
			sourceTree = "<group>";
		};
		120A53CB255BE93A007C113F /* RxGithubSearch */ = {
			isa = PBXGroup;
			children = (
				12BECF40255EAE0600CE7B3A /* Network */,
				120A5428255BF81C007C113F /* Model.swift */,
				120A542E255BF8F8007C113F /* Delegate */,
				120A542D255BF8EF007C113F /* Search */,
				120A53D5255BE93B007C113F /* Assets.xcassets */,
				120A53D7255BE93B007C113F /* LaunchScreen.storyboard */,
				120A53DA255BE93B007C113F /* Info.plist */,
			);
			path = RxGithubSearch;
			sourceTree = "<group>";
		};
		120A53E2255BE93B007C113F /* RxGithubSearchTests */ = {
			isa = PBXGroup;
			children = (
				127CFBFF2565279F0083201D /* Spys */,
				120A541F255BF657007C113F /* APITests.swift */,
				120A53E5255BE93B007C113F /* Info.plist */,
				12E6B8EC2566F6E30017BF6F /* SearchControllerTest.swift */,
			);
			path = RxGithubSearchTests;
			sourceTree = "<group>";
		};
		120A542D255BF8EF007C113F /* Search */ = {
			isa = PBXGroup;
			children = (
				120A541A255BF486007C113F /* SearchController.swift */,
			);
			path = Search;
			sourceTree = "<group>";
		};
		120A542E255BF8F8007C113F /* Delegate */ = {
			isa = PBXGroup;
			children = (
				120A53CC255BE93A007C113F /* AppDelegate.swift */,
				120A53CE255BE93A007C113F /* SceneDelegate.swift */,
			);
			path = Delegate;
			sourceTree = "<group>";
		};
		127CFBFF2565279F0083201D /* Spys */ = {
			isa = PBXGroup;
			children = (
				127CFC00256527AB0083201D /* URLSessionSpy.swift */,
				12E6B8F62567B10C0017BF6F /* APISpy.swift */,
			);
			path = Spys;
			sourceTree = "<group>";
		};
		12BECF40255EAE0600CE7B3A /* Network */ = {
			isa = PBXGroup;
			children = (
				12BECF41255EAE0F00CE7B3A /* API.swift */,
			);
			path = Network;
			sourceTree = "<group>";
		};
		27E1445B6A2BB456FBBC5863 /* Frameworks */ = {
			isa = PBXGroup;
			children = (
				FEA10AAA230436715A99AE28 /* Pods_RxGithubSearch.framework */,
			);
			name = Frameworks;
			sourceTree = "<group>";
		};
		2B7CAF39E231C1ADAD2A97E7 /* Pods */ = {
			isa = PBXGroup;
			children = (
				FC56D4B141AA8FE55BE4E7FE /* Pods-RxGithubSearch.debug.xcconfig */,
				9A7F75835EE8B929C1A073A5 /* Pods-RxGithubSearch.release.xcconfig */,
			);
			name = Pods;
			path = Pods;
			sourceTree = "<group>";
		};
/* End PBXGroup section */

/* Begin PBXNativeTarget section */
		120A53C8255BE93A007C113F /* RxGithubSearch */ = {
			isa = PBXNativeTarget;
			buildConfigurationList = 120A53F3255BE93B007C113F /* Build configuration list for PBXNativeTarget "RxGithubSearch" */;
			buildPhases = (
				39558E242B52CD0F537D8038 /* [CP] Check Pods Manifest.lock */,
				120A53C5255BE93A007C113F /* Sources */,
				120A53C6255BE93A007C113F /* Frameworks */,
				120A53C7255BE93A007C113F /* Resources */,
				E9C0F227F16BEBA24DA08CE6 /* [CP] Embed Pods Frameworks */,
			);
			buildRules = (
			);
			dependencies = (
			);
			name = RxGithubSearch;
			productName = RxGithubSearch;
			productReference = 120A53C9255BE93A007C113F /* RxGithubSearch.app */;
			productType = "com.apple.product-type.application";
		};
		120A53DE255BE93B007C113F /* RxGithubSearchTests */ = {
			isa = PBXNativeTarget;
			buildConfigurationList = 120A53F6255BE93B007C113F /* Build configuration list for PBXNativeTarget "RxGithubSearchTests" */;
			buildPhases = (
				120A53DB255BE93B007C113F /* Sources */,
				120A53DC255BE93B007C113F /* Frameworks */,
				120A53DD255BE93B007C113F /* Resources */,
			);
			buildRules = (
			);
			dependencies = (
				120A53E1255BE93B007C113F /* PBXTargetDependency */,
			);
			name = RxGithubSearchTests;
			productName = RxGithubSearchTests;
			productReference = 120A53DF255BE93B007C113F /* RxGithubSearchTests.xctest */;
			productType = "com.apple.product-type.bundle.unit-test";
		};
/* End PBXNativeTarget section */

/* Begin PBXProject section */
		120A53C1255BE93A007C113F /* Project object */ = {
			isa = PBXProject;
			attributes = {
				LastSwiftUpdateCheck = 1200;
				LastUpgradeCheck = 1200;
				TargetAttributes = {
					120A53C8255BE93A007C113F = {
						CreatedOnToolsVersion = 12.0.1;
					};
					120A53DE255BE93B007C113F = {
						CreatedOnToolsVersion = 12.0.1;
						TestTargetID = 120A53C8255BE93A007C113F;
					};
				};
			};
			buildConfigurationList = 120A53C4255BE93A007C113F /* Build configuration list for PBXProject "RxGithubSearch" */;
			compatibilityVersion = "Xcode 9.3";
			developmentRegion = en;
			hasScannedForEncodings = 0;
			knownRegions = (
				en,
				Base,
			);
			mainGroup = 120A53C0255BE93A007C113F;
			productRefGroup = 120A53CA255BE93A007C113F /* Products */;
			projectDirPath = "";
			projectRoot = "";
			targets = (
				120A53C8255BE93A007C113F /* RxGithubSearch */,
				120A53DE255BE93B007C113F /* RxGithubSearchTests */,
			);
		};
/* End PBXProject section */

/* Begin PBXResourcesBuildPhase section */
		120A53C7255BE93A007C113F /* Resources */ = {
			isa = PBXResourcesBuildPhase;
			buildActionMask = 2147483647;
			files = (
				120A53D9255BE93B007C113F /* LaunchScreen.storyboard in Resources */,
				120A53D6255BE93B007C113F /* Assets.xcassets in Resources */,
			);
			runOnlyForDeploymentPostprocessing = 0;
		};
		120A53DD255BE93B007C113F /* Resources */ = {
			isa = PBXResourcesBuildPhase;
			buildActionMask = 2147483647;
			files = (
			);
			runOnlyForDeploymentPostprocessing = 0;
		};
/* End PBXResourcesBuildPhase section */

/* Begin PBXShellScriptBuildPhase section */
		39558E242B52CD0F537D8038 /* [CP] Check Pods Manifest.lock */ = {
			isa = PBXShellScriptBuildPhase;
			buildActionMask = 2147483647;
			files = (
			);
			inputFileListPaths = (
			);
			inputPaths = (
				"${PODS_PODFILE_DIR_PATH}/Podfile.lock",
				"${PODS_ROOT}/Manifest.lock",
			);
			name = "[CP] Check Pods Manifest.lock";
			outputFileListPaths = (
			);
			outputPaths = (
				"$(DERIVED_FILE_DIR)/Pods-RxGithubSearch-checkManifestLockResult.txt",
			);
			runOnlyForDeploymentPostprocessing = 0;
			shellPath = /bin/sh;
			shellScript = "diff \"${PODS_PODFILE_DIR_PATH}/Podfile.lock\" \"${PODS_ROOT}/Manifest.lock\" > /dev/null\nif [ $? != 0 ] ; then\n    # print error to STDERR\n    echo \"error: The sandbox is not in sync with the Podfile.lock. Run 'pod install' or update your CocoaPods installation.\" >&2\n    exit 1\nfi\n# This output is used by Xcode 'outputs' to avoid re-running this script phase.\necho \"SUCCESS\" > \"${SCRIPT_OUTPUT_FILE_0}\"\n";
			showEnvVarsInLog = 0;
		};
		E9C0F227F16BEBA24DA08CE6 /* [CP] Embed Pods Frameworks */ = {
			isa = PBXShellScriptBuildPhase;
			buildActionMask = 2147483647;
			files = (
			);
			inputFileListPaths = (
				"${PODS_ROOT}/Target Support Files/Pods-RxGithubSearch/Pods-RxGithubSearch-frameworks-${CONFIGURATION}-input-files.xcfilelist",
			);
			name = "[CP] Embed Pods Frameworks";
			outputFileListPaths = (
				"${PODS_ROOT}/Target Support Files/Pods-RxGithubSearch/Pods-RxGithubSearch-frameworks-${CONFIGURATION}-output-files.xcfilelist",
			);
			runOnlyForDeploymentPostprocessing = 0;
			shellPath = /bin/sh;
			shellScript = "\"${PODS_ROOT}/Target Support Files/Pods-RxGithubSearch/Pods-RxGithubSearch-frameworks.sh\"\n";
			showEnvVarsInLog = 0;
		};
/* End PBXShellScriptBuildPhase section */

/* Begin PBXSourcesBuildPhase section */
		120A53C5255BE93A007C113F /* Sources */ = {
			isa = PBXSourcesBuildPhase;
			buildActionMask = 2147483647;
			files = (
				120A5429255BF81C007C113F /* Model.swift in Sources */,
				120A53CD255BE93A007C113F /* AppDelegate.swift in Sources */,
				120A541B255BF486007C113F /* SearchController.swift in Sources */,
				120A53CF255BE93A007C113F /* SceneDelegate.swift in Sources */,
				12BECF42255EAE0F00CE7B3A /* API.swift in Sources */,
			);
			runOnlyForDeploymentPostprocessing = 0;
		};
		120A53DB255BE93B007C113F /* Sources */ = {
			isa = PBXSourcesBuildPhase;
			buildActionMask = 2147483647;
			files = (
				12E6B8ED2566F6E30017BF6F /* SearchControllerTest.swift in Sources */,
				12E6B8F72567B10C0017BF6F /* APISpy.swift in Sources */,
				120A5420255BF657007C113F /* APITests.swift in Sources */,
				127CFC01256527AB0083201D /* URLSessionSpy.swift in Sources */,
			);
			runOnlyForDeploymentPostprocessing = 0;
		};
/* End PBXSourcesBuildPhase section */

/* Begin PBXTargetDependency section */
		120A53E1255BE93B007C113F /* PBXTargetDependency */ = {
			isa = PBXTargetDependency;
			target = 120A53C8255BE93A007C113F /* RxGithubSearch */;
			targetProxy = 120A53E0255BE93B007C113F /* PBXContainerItemProxy */;
		};
/* End PBXTargetDependency section */

/* Begin PBXVariantGroup section */
		120A53D7255BE93B007C113F /* LaunchScreen.storyboard */ = {
			isa = PBXVariantGroup;
			children = (
				120A53D8255BE93B007C113F /* Base */,
			);
			name = LaunchScreen.storyboard;
			sourceTree = "<group>";
		};
/* End PBXVariantGroup section */

/* Begin XCBuildConfiguration section */
		120A53F1255BE93B007C113F /* Debug */ = {
			isa = XCBuildConfiguration;
			buildSettings = {
				ALWAYS_SEARCH_USER_PATHS = NO;
				CLANG_ANALYZER_NONNULL = YES;
				CLANG_ANALYZER_NUMBER_OBJECT_CONVERSION = YES_AGGRESSIVE;
				CLANG_CXX_LANGUAGE_STANDARD = "gnu++14";
				CLANG_CXX_LIBRARY = "libc++";
				CLANG_ENABLE_MODULES = YES;
				CLANG_ENABLE_OBJC_ARC = YES;
				CLANG_ENABLE_OBJC_WEAK = YES;
				CLANG_WARN_BLOCK_CAPTURE_AUTORELEASING = YES;
				CLANG_WARN_BOOL_CONVERSION = YES;
				CLANG_WARN_COMMA = YES;
				CLANG_WARN_CONSTANT_CONVERSION = YES;
				CLANG_WARN_DEPRECATED_OBJC_IMPLEMENTATIONS = YES;
				CLANG_WARN_DIRECT_OBJC_ISA_USAGE = YES_ERROR;
				CLANG_WARN_DOCUMENTATION_COMMENTS = YES;
				CLANG_WARN_EMPTY_BODY = YES;
				CLANG_WARN_ENUM_CONVERSION = YES;
				CLANG_WARN_INFINITE_RECURSION = YES;
				CLANG_WARN_INT_CONVERSION = YES;
				CLANG_WARN_NON_LITERAL_NULL_CONVERSION = YES;
				CLANG_WARN_OBJC_IMPLICIT_RETAIN_SELF = YES;
				CLANG_WARN_OBJC_LITERAL_CONVERSION = YES;
				CLANG_WARN_OBJC_ROOT_CLASS = YES_ERROR;
				CLANG_WARN_QUOTED_INCLUDE_IN_FRAMEWORK_HEADER = YES;
				CLANG_WARN_RANGE_LOOP_ANALYSIS = YES;
				CLANG_WARN_STRICT_PROTOTYPES = YES;
				CLANG_WARN_SUSPICIOUS_MOVE = YES;
				CLANG_WARN_UNGUARDED_AVAILABILITY = YES_AGGRESSIVE;
				CLANG_WARN_UNREACHABLE_CODE = YES;
				CLANG_WARN__DUPLICATE_METHOD_MATCH = YES;
				COPY_PHASE_STRIP = NO;
				DEBUG_INFORMATION_FORMAT = dwarf;
				ENABLE_STRICT_OBJC_MSGSEND = YES;
				ENABLE_TESTABILITY = YES;
				GCC_C_LANGUAGE_STANDARD = gnu11;
				GCC_DYNAMIC_NO_PIC = NO;
				GCC_NO_COMMON_BLOCKS = YES;
				GCC_OPTIMIZATION_LEVEL = 0;
				GCC_PREPROCESSOR_DEFINITIONS = (
					"DEBUG=1",
					"$(inherited)",
				);
				GCC_WARN_64_TO_32_BIT_CONVERSION = YES;
				GCC_WARN_ABOUT_RETURN_TYPE = YES_ERROR;
				GCC_WARN_UNDECLARED_SELECTOR = YES;
				GCC_WARN_UNINITIALIZED_AUTOS = YES_AGGRESSIVE;
				GCC_WARN_UNUSED_FUNCTION = YES;
				GCC_WARN_UNUSED_VARIABLE = YES;
				IPHONEOS_DEPLOYMENT_TARGET = 14.0;
				MTL_ENABLE_DEBUG_INFO = INCLUDE_SOURCE;
				MTL_FAST_MATH = YES;
				ONLY_ACTIVE_ARCH = YES;
				SDKROOT = iphoneos;
				SWIFT_ACTIVE_COMPILATION_CONDITIONS = DEBUG;
				SWIFT_OPTIMIZATION_LEVEL = "-Onone";
			};
			name = Debug;
		};
		120A53F2255BE93B007C113F /* Release */ = {
			isa = XCBuildConfiguration;
			buildSettings = {
				ALWAYS_SEARCH_USER_PATHS = NO;
				CLANG_ANALYZER_NONNULL = YES;
				CLANG_ANALYZER_NUMBER_OBJECT_CONVERSION = YES_AGGRESSIVE;
				CLANG_CXX_LANGUAGE_STANDARD = "gnu++14";
				CLANG_CXX_LIBRARY = "libc++";
				CLANG_ENABLE_MODULES = YES;
				CLANG_ENABLE_OBJC_ARC = YES;
				CLANG_ENABLE_OBJC_WEAK = YES;
				CLANG_WARN_BLOCK_CAPTURE_AUTORELEASING = YES;
				CLANG_WARN_BOOL_CONVERSION = YES;
				CLANG_WARN_COMMA = YES;
				CLANG_WARN_CONSTANT_CONVERSION = YES;
				CLANG_WARN_DEPRECATED_OBJC_IMPLEMENTATIONS = YES;
				CLANG_WARN_DIRECT_OBJC_ISA_USAGE = YES_ERROR;
				CLANG_WARN_DOCUMENTATION_COMMENTS = YES;
				CLANG_WARN_EMPTY_BODY = YES;
				CLANG_WARN_ENUM_CONVERSION = YES;
				CLANG_WARN_INFINITE_RECURSION = YES;
				CLANG_WARN_INT_CONVERSION = YES;
				CLANG_WARN_NON_LITERAL_NULL_CONVERSION = YES;
				CLANG_WARN_OBJC_IMPLICIT_RETAIN_SELF = YES;
				CLANG_WARN_OBJC_LITERAL_CONVERSION = YES;
				CLANG_WARN_OBJC_ROOT_CLASS = YES_ERROR;
				CLANG_WARN_QUOTED_INCLUDE_IN_FRAMEWORK_HEADER = YES;
				CLANG_WARN_RANGE_LOOP_ANALYSIS = YES;
				CLANG_WARN_STRICT_PROTOTYPES = YES;
				CLANG_WARN_SUSPICIOUS_MOVE = YES;
				CLANG_WARN_UNGUARDED_AVAILABILITY = YES_AGGRESSIVE;
				CLANG_WARN_UNREACHABLE_CODE = YES;
				CLANG_WARN__DUPLICATE_METHOD_MATCH = YES;
				COPY_PHASE_STRIP = NO;
				DEBUG_INFORMATION_FORMAT = "dwarf-with-dsym";
				ENABLE_NS_ASSERTIONS = NO;
				ENABLE_STRICT_OBJC_MSGSEND = YES;
				GCC_C_LANGUAGE_STANDARD = gnu11;
				GCC_NO_COMMON_BLOCKS = YES;
				GCC_WARN_64_TO_32_BIT_CONVERSION = YES;
				GCC_WARN_ABOUT_RETURN_TYPE = YES_ERROR;
				GCC_WARN_UNDECLARED_SELECTOR = YES;
				GCC_WARN_UNINITIALIZED_AUTOS = YES_AGGRESSIVE;
				GCC_WARN_UNUSED_FUNCTION = YES;
				GCC_WARN_UNUSED_VARIABLE = YES;
				IPHONEOS_DEPLOYMENT_TARGET = 14.0;
				MTL_ENABLE_DEBUG_INFO = NO;
				MTL_FAST_MATH = YES;
				SDKROOT = iphoneos;
				SWIFT_COMPILATION_MODE = wholemodule;
				SWIFT_OPTIMIZATION_LEVEL = "-O";
				VALIDATE_PRODUCT = YES;
			};
			name = Release;
		};
		120A53F4255BE93B007C113F /* Debug */ = {
			isa = XCBuildConfiguration;
			baseConfigurationReference = FC56D4B141AA8FE55BE4E7FE /* Pods-RxGithubSearch.debug.xcconfig */;
			buildSettings = {
				ASSETCATALOG_COMPILER_APPICON_NAME = AppIcon;
				ASSETCATALOG_COMPILER_GLOBAL_ACCENT_COLOR_NAME = AccentColor;
				CODE_SIGN_STYLE = Automatic;
				INFOPLIST_FILE = RxGithubSearch/Info.plist;
				LD_RUNPATH_SEARCH_PATHS = (
					"$(inherited)",
					"@executable_path/Frameworks",
				);
				PRODUCT_BUNDLE_IDENTIFIER = com.rookie.RxGithubSearch;
				PRODUCT_NAME = "$(TARGET_NAME)";
				SWIFT_VERSION = 5.0;
				TARGETED_DEVICE_FAMILY = "1,2";
			};
			name = Debug;
		};
		120A53F5255BE93B007C113F /* Release */ = {
			isa = XCBuildConfiguration;
			baseConfigurationReference = 9A7F75835EE8B929C1A073A5 /* Pods-RxGithubSearch.release.xcconfig */;
			buildSettings = {
				ASSETCATALOG_COMPILER_APPICON_NAME = AppIcon;
				ASSETCATALOG_COMPILER_GLOBAL_ACCENT_COLOR_NAME = AccentColor;
				CODE_SIGN_STYLE = Automatic;
				INFOPLIST_FILE = RxGithubSearch/Info.plist;
				LD_RUNPATH_SEARCH_PATHS = (
					"$(inherited)",
					"@executable_path/Frameworks",
				);
				PRODUCT_BUNDLE_IDENTIFIER = com.rookie.RxGithubSearch;
				PRODUCT_NAME = "$(TARGET_NAME)";
				SWIFT_VERSION = 5.0;
				TARGETED_DEVICE_FAMILY = "1,2";
			};
			name = Release;
		};
		120A53F7255BE93B007C113F /* Debug */ = {
			isa = XCBuildConfiguration;
			buildSettings = {
				ALWAYS_EMBED_SWIFT_STANDARD_LIBRARIES = YES;
				BUNDLE_LOADER = "$(TEST_HOST)";
				CODE_SIGN_STYLE = Automatic;
				INFOPLIST_FILE = RxGithubSearchTests/Info.plist;
				IPHONEOS_DEPLOYMENT_TARGET = 14.0;
				LD_RUNPATH_SEARCH_PATHS = (
					"$(inherited)",
					"@executable_path/Frameworks",
					"@loader_path/Frameworks",
				);
				PRODUCT_BUNDLE_IDENTIFIER = com.rookie.RxGithubSearchTests;
				PRODUCT_NAME = "$(TARGET_NAME)";
				SWIFT_VERSION = 5.0;
				TARGETED_DEVICE_FAMILY = "1,2";
				TEST_HOST = "$(BUILT_PRODUCTS_DIR)/RxGithubSearch.app/RxGithubSearch";
			};
			name = Debug;
		};
		120A53F8255BE93B007C113F /* Release */ = {
			isa = XCBuildConfiguration;
			buildSettings = {
				ALWAYS_EMBED_SWIFT_STANDARD_LIBRARIES = YES;
				BUNDLE_LOADER = "$(TEST_HOST)";
				CODE_SIGN_STYLE = Automatic;
				INFOPLIST_FILE = RxGithubSearchTests/Info.plist;
				IPHONEOS_DEPLOYMENT_TARGET = 14.0;
				LD_RUNPATH_SEARCH_PATHS = (
					"$(inherited)",
					"@executable_path/Frameworks",
					"@loader_path/Frameworks",
				);
				PRODUCT_BUNDLE_IDENTIFIER = com.rookie.RxGithubSearchTests;
				PRODUCT_NAME = "$(TARGET_NAME)";
				SWIFT_VERSION = 5.0;
				TARGETED_DEVICE_FAMILY = "1,2";
				TEST_HOST = "$(BUILT_PRODUCTS_DIR)/RxGithubSearch.app/RxGithubSearch";
			};
			name = Release;
		};
/* End XCBuildConfiguration section */

/* Begin XCConfigurationList section */
		120A53C4255BE93A007C113F /* Build configuration list for PBXProject "RxGithubSearch" */ = {
			isa = XCConfigurationList;
			buildConfigurations = (
				120A53F1255BE93B007C113F /* Debug */,
				120A53F2255BE93B007C113F /* Release */,
			);
			defaultConfigurationIsVisible = 0;
			defaultConfigurationName = Release;
		};
		120A53F3255BE93B007C113F /* Build configuration list for PBXNativeTarget "RxGithubSearch" */ = {
			isa = XCConfigurationList;
			buildConfigurations = (
				120A53F4255BE93B007C113F /* Debug */,
				120A53F5255BE93B007C113F /* Release */,
			);
			defaultConfigurationIsVisible = 0;
			defaultConfigurationName = Release;
		};
		120A53F6255BE93B007C113F /* Build configuration list for PBXNativeTarget "RxGithubSearchTests" */ = {
			isa = XCConfigurationList;
			buildConfigurations = (
				120A53F7255BE93B007C113F /* Debug */,
				120A53F8255BE93B007C113F /* Release */,
			);
			defaultConfigurationIsVisible = 0;
			defaultConfigurationName = Release;
		};
/* End XCConfigurationList section */
	};
	rootObject = 120A53C1255BE93A007C113F /* Project object */;
}
